
Microsoft Visual Studio Solution File, Format Version 12.00
# Visual Studio Version 17
VisualStudioVersion = 17.14.36414.22 d17.14
MinimumVisualStudioVersion = 10.0.40219.1
Project("{2150E333-8FDC-42A3-9474-1A3956D46DE8}") = "Task6", "Task6", "{02EA681E-C7D8-13C7-8484-4AC65E1B71E8}"
EndProject
Project("{FAE04EC0-301F-11D3-BF4B-00C04F79EFBC}") = "Tyuiu.ZheleznyakDN.Sprint4.Task6.V17", "Tyuiu.ZheleznyakDN.Sprint4.Task6.V17\Tyuiu.ZheleznyakDN.Sprint4.Task6.V17.csproj", "{95E02E5A-884B-44EA-AA9D-AF88C8AB4CEF}"
EndProject
Project("{FAE04EC0-301F-11D3-BF4B-00C04F79EFBC}") = "Tyuiu.ZheleznyakDN.Sprint4.Task6.V17.Lib", "Tyuiu.ZheleznyakDN.Sprint4.Task6.V17.Lib\Tyuiu.ZheleznyakDN.Sprint4.Task6.V17.Lib.csproj", "{4CB6CA74-D396-4FAB-B685-1DAD1441DDAB}"
EndProject
Project("{FAE04EC0-301F-11D3-BF4B-00C04F79EFBC}") = "Tyuiu.ZheleznyakDN.Sprint4.Task6.V17.Test", "Tyuiu.ZheleznyakDN.Sprint4.Task6.V17.Test\Tyuiu.ZheleznyakDN.Sprint4.Task6.V17.Test.csproj", "{B28AB954-6527-45A6-8843-F59423AA32B2}"
EndProject
Global
	GlobalSection(SolutionConfigurationPlatforms) = preSolution
		Debug|Any CPU = Debug|Any CPU
		Release|Any CPU = Release|Any CPU
	EndGlobalSection
	GlobalSection(ProjectConfigurationPlatforms) = postSolution
		{95E02E5A-884B-44EA-AA9D-AF88C8AB4CEF}.Debug|Any CPU.ActiveCfg = Debug|Any CPU
		{95E02E5A-884B-44EA-AA9D-AF88C8AB4CEF}.Debug|Any CPU.Build.0 = Debug|Any CPU
		{95E02E5A-884B-44EA-AA9D-AF88C8AB4CEF}.Release|Any CPU.ActiveCfg = Release|Any CPU
		{95E02E5A-884B-44EA-AA9D-AF88C8AB4CEF}.Release|Any CPU.Build.0 = Release|Any CPU
		{4CB6CA74-D396-4FAB-B685-1DAD1441DDAB}.Debug|Any CPU.ActiveCfg = Debug|Any CPU
		{4CB6CA74-D396-4FAB-B685-1DAD1441DDAB}.Debug|Any CPU.Build.0 = Debug|Any CPU
		{4CB6CA74-D396-4FAB-B685-1DAD1441DDAB}.Release|Any CPU.ActiveCfg = Release|Any CPU
		{4CB6CA74-D396-4FAB-B685-1DAD1441DDAB}.Release|Any CPU.Build.0 = Release|Any CPU
		{B28AB954-6527-45A6-8843-F59423AA32B2}.Debug|Any CPU.ActiveCfg = Debug|Any CPU
		{B28AB954-6527-45A6-8843-F59423AA32B2}.Debug|Any CPU.Build.0 = Debug|Any CPU
		{B28AB954-6527-45A6-8843-F59423AA32B2}.Release|Any CPU.ActiveCfg = Release|Any CPU
		{B28AB954-6527-45A6-8843-F59423AA32B2}.Release|Any CPU.Build.0 = Release|Any CPU
	EndGlobalSection
	GlobalSection(SolutionProperties) = preSolution
		HideSolutionNode = FALSE
	EndGlobalSection
	GlobalSection(NestedProjects) = preSolution
		{95E02E5A-884B-44EA-AA9D-AF88C8AB4CEF} = {02EA681E-C7D8-13C7-8484-4AC65E1B71E8}
		{4CB6CA74-D396-4FAB-B685-1DAD1441DDAB} = {02EA681E-C7D8-13C7-8484-4AC65E1B71E8}
		{B28AB954-6527-45A6-8843-F59423AA32B2} = {02EA681E-C7D8-13C7-8484-4AC65E1B71E8}
	EndGlobalSection
	GlobalSection(ExtensibilityGlobals) = postSolution
		SolutionGuid = {DE582CF0-DBA0-49D6-9321-0E277190A136}
	EndGlobalSection
EndGlobal
